
Microsoft Visual Studio Solution File, Format Version 12.00
# Visual Studio Version 16
VisualStudioVersion = 16.0.30011.22
MinimumVisualStudioVersion = 10.0.40219.1
Project("{FAE04EC0-301F-11D3-BF4B-00C04F79EFBC}") = "Perfonitor", "Perfonitor\Perfonitor.csproj", "{DCAD2B16-7D45-462A-87D7-C308D3821A72}"
EndProject
Global
	GlobalSection(SolutionConfigurationPlatforms) = preSolution
		Debug|Any CPU = Debug|Any CPU
		Release|Any CPU = Release|Any CPU
	EndGlobalSection
	GlobalSection(ProjectConfigurationPlatforms) = postSolution
		{DCAD2B16-7D45-462A-87D7-C308D3821A72}.Debug|Any CPU.ActiveCfg = Debug|Any CPU
		{DCAD2B16-7D45-462A-87D7-C308D3821A72}.Debug|Any CPU.Build.0 = Debug|Any CPU
		{DCAD2B16-7D45-462A-87D7-C308D3821A72}.Release|Any CPU.ActiveCfg = Release|Any CPU
		{DCAD2B16-7D45-462A-87D7-C308D3821A72}.Release|Any CPU.Build.0 = Release|Any CPU
	EndGlobalSection
	GlobalSection(SolutionProperties) = preSolution
		HideSolutionNode = FALSE
	EndGlobalSection
	GlobalSection(ExtensibilityGlobals) = postSolution
		SolutionGuid = {1969CF0D-BE4A-4AAD-B054-E3C74355E426}
	EndGlobalSection
EndGlobal
